// !$*UTF8*$!
{
	archiveVersion = 1;
	classes = {
	};
	objectVersion = 55;
	objects = {

/* Begin PBXBuildFile section */
		2F5D120028115A3600DABA7B /* AppDelegate.swift in Sources */ = {isa = PBXBuildFile; fileRef = 2F5D11FF28115A3600DABA7B /* AppDelegate.swift */; };
		2F5D120428115A3600DABA7B /* RepositoryViewController.swift in Sources */ = {isa = PBXBuildFile; fileRef = 2F5D120328115A3600DABA7B /* RepositoryViewController.swift */; };
		2F5D120928115A3700DABA7B /* Assets.xcassets in Resources */ = {isa = PBXBuildFile; fileRef = 2F5D120828115A3700DABA7B /* Assets.xcassets */; };
		2F5D120C28115A3700DABA7B /* LaunchScreen.storyboard in Resources */ = {isa = PBXBuildFile; fileRef = 2F5D120A28115A3700DABA7B /* LaunchScreen.storyboard */; };
		2F5D12142811702000DABA7B /* BaseViewController.swift in Sources */ = {isa = PBXBuildFile; fileRef = 2F5D12132811702000DABA7B /* BaseViewController.swift */; };
		2F5D121E2811733700DABA7B /* UIView+Extension.swift in Sources */ = {isa = PBXBuildFile; fileRef = 2F5D121D2811733700DABA7B /* UIView+Extension.swift */; };
		2FFE920A2811C21F00CB5E5B /* RepositoryCell.swift in Sources */ = {isa = PBXBuildFile; fileRef = 2FFE92092811C21F00CB5E5B /* RepositoryCell.swift */; };
		2FFE920C2811C23E00CB5E5B /* RepositoryViewReactor.swift in Sources */ = {isa = PBXBuildFile; fileRef = 2FFE920B2811C23E00CB5E5B /* RepositoryViewReactor.swift */; };
		2FFE920E2811C2AB00CB5E5B /* Repository.swift in Sources */ = {isa = PBXBuildFile; fileRef = 2FFE920D2811C2AB00CB5E5B /* Repository.swift */; };
		2FFE92122811CE0200CB5E5B /* Bool+Extension.swift in Sources */ = {isa = PBXBuildFile; fileRef = 2FFE92112811CE0200CB5E5B /* Bool+Extension.swift */; };
		2FFE921428153BA600CB5E5B /* UIKit+Extension.swift in Sources */ = {isa = PBXBuildFile; fileRef = 2FFE921328153BA600CB5E5B /* UIKit+Extension.swift */; };
		2FFE92182815411A00CB5E5B /* RxOperators.swift in Sources */ = {isa = PBXBuildFile; fileRef = 2FFE92172815411A00CB5E5B /* RxOperators.swift */; };
		C97A81AB5D280724E31163CF /* Pods_GithubSearch.framework in Frameworks */ = {isa = PBXBuildFile; fileRef = 12F5554EC129AF4D0A6C7502 /* Pods_GithubSearch.framework */; };
/* End PBXBuildFile section */

/* Begin PBXFileReference section */
		12F5554EC129AF4D0A6C7502 /* Pods_GithubSearch.framework */ = {isa = PBXFileReference; explicitFileType = wrapper.framework; includeInIndex = 0; path = Pods_GithubSearch.framework; sourceTree = BUILT_PRODUCTS_DIR; };
		2F5D11FC28115A3600DABA7B /* GithubSearch.app */ = {isa = PBXFileReference; explicitFileType = wrapper.application; includeInIndex = 0; path = GithubSearch.app; sourceTree = BUILT_PRODUCTS_DIR; };
		2F5D11FF28115A3600DABA7B /* AppDelegate.swift */ = {isa = PBXFileReference; lastKnownFileType = sourcecode.swift; path = AppDelegate.swift; sourceTree = "<group>"; };
		2F5D120328115A3600DABA7B /* RepositoryViewController.swift */ = {isa = PBXFileReference; lastKnownFileType = sourcecode.swift; path = RepositoryViewController.swift; sourceTree = "<group>"; };
		2F5D120828115A3700DABA7B /* Assets.xcassets */ = {isa = PBXFileReference; lastKnownFileType = folder.assetcatalog; path = Assets.xcassets; sourceTree = "<group>"; };
		2F5D120B28115A3700DABA7B /* Base */ = {isa = PBXFileReference; lastKnownFileType = file.storyboard; name = Base; path = Base.lproj/LaunchScreen.storyboard; sourceTree = "<group>"; };
		2F5D120D28115A3700DABA7B /* Info.plist */ = {isa = PBXFileReference; lastKnownFileType = text.plist.xml; path = Info.plist; sourceTree = "<group>"; };
		2F5D12132811702000DABA7B /* BaseViewController.swift */ = {isa = PBXFileReference; lastKnownFileType = sourcecode.swift; path = BaseViewController.swift; sourceTree = "<group>"; };
		2F5D121D2811733700DABA7B /* UIView+Extension.swift */ = {isa = PBXFileReference; lastKnownFileType = sourcecode.swift; path = "UIView+Extension.swift"; sourceTree = "<group>"; };
		2FFE92092811C21F00CB5E5B /* RepositoryCell.swift */ = {isa = PBXFileReference; lastKnownFileType = sourcecode.swift; path = RepositoryCell.swift; sourceTree = "<group>"; };
		2FFE920B2811C23E00CB5E5B /* RepositoryViewReactor.swift */ = {isa = PBXFileReference; lastKnownFileType = sourcecode.swift; path = RepositoryViewReactor.swift; sourceTree = "<group>"; };
		2FFE920D2811C2AB00CB5E5B /* Repository.swift */ = {isa = PBXFileReference; lastKnownFileType = sourcecode.swift; path = Repository.swift; sourceTree = "<group>"; };
		2FFE92112811CE0200CB5E5B /* Bool+Extension.swift */ = {isa = PBXFileReference; lastKnownFileType = sourcecode.swift; path = "Bool+Extension.swift"; sourceTree = "<group>"; };
		2FFE921328153BA600CB5E5B /* UIKit+Extension.swift */ = {isa = PBXFileReference; lastKnownFileType = sourcecode.swift; path = "UIKit+Extension.swift"; sourceTree = "<group>"; };
		2FFE92172815411A00CB5E5B /* RxOperators.swift */ = {isa = PBXFileReference; lastKnownFileType = sourcecode.swift; path = RxOperators.swift; sourceTree = "<group>"; };
		B913F93F94D1AC5125CE1756 /* Pods-GithubSearch.debug.xcconfig */ = {isa = PBXFileReference; includeInIndex = 1; lastKnownFileType = text.xcconfig; name = "Pods-GithubSearch.debug.xcconfig"; path = "Target Support Files/Pods-GithubSearch/Pods-GithubSearch.debug.xcconfig"; sourceTree = "<group>"; };
		C5AD6C22810916ACAA65521F /* Pods-GithubSearch.release.xcconfig */ = {isa = PBXFileReference; includeInIndex = 1; lastKnownFileType = text.xcconfig; name = "Pods-GithubSearch.release.xcconfig"; path = "Target Support Files/Pods-GithubSearch/Pods-GithubSearch.release.xcconfig"; sourceTree = "<group>"; };
/* End PBXFileReference section */

/* Begin PBXFrameworksBuildPhase section */
		2F5D11F928115A3600DABA7B /* Frameworks */ = {
			isa = PBXFrameworksBuildPhase;
			buildActionMask = 2147483647;
			files = (
				C97A81AB5D280724E31163CF /* Pods_GithubSearch.framework in Frameworks */,
			);
			runOnlyForDeploymentPostprocessing = 0;
		};
/* End PBXFrameworksBuildPhase section */

/* Begin PBXGroup section */
		2F5D11F328115A3600DABA7B = {
			isa = PBXGroup;
			children = (
				2F5D11FE28115A3600DABA7B /* GithubSearch */,
				2F5D11FD28115A3600DABA7B /* Products */,
				FD7DDE57985575D73A8F8705 /* Pods */,
				7B9DD2226F5878B9BF061D1E /* Frameworks */,
			);
			sourceTree = "<group>";
		};
		2F5D11FD28115A3600DABA7B /* Products */ = {
			isa = PBXGroup;
			children = (
				2F5D11FC28115A3600DABA7B /* GithubSearch.app */,
			);
			name = Products;
			sourceTree = "<group>";
		};
		2F5D11FE28115A3600DABA7B /* GithubSearch */ = {
			isa = PBXGroup;
			children = (
				2F5D12192811710400DABA7B /* Resouce */,
				2F5D1218281170F800DABA7B /* Source */,
				2F5D121A2811713D00DABA7B /* Support */,
			);
			path = GithubSearch;
			sourceTree = "<group>";
		};
		2F5D1215281170D100DABA7B /* Scene */ = {
			isa = PBXGroup;
			children = (
				2F5D1216281170E600DABA7B /* Common */,
				2F5D1217281170EE00DABA7B /* Repository */,
			);
			path = Scene;
			sourceTree = "<group>";
		};
		2F5D1216281170E600DABA7B /* Common */ = {
			isa = PBXGroup;
			children = (
				2F5D12132811702000DABA7B /* BaseViewController.swift */,
			);
			path = Common;
			sourceTree = "<group>";
		};
		2F5D1217281170EE00DABA7B /* Repository */ = {
			isa = PBXGroup;
			children = (
				2FFE92092811C21F00CB5E5B /* RepositoryCell.swift */,
				2F5D120328115A3600DABA7B /* RepositoryViewController.swift */,
				2FFE920B2811C23E00CB5E5B /* RepositoryViewReactor.swift */,
			);
			path = Repository;
			sourceTree = "<group>";
		};
		2F5D1218281170F800DABA7B /* Source */ = {
			isa = PBXGroup;
			children = (
				2F5D11FF28115A3600DABA7B /* AppDelegate.swift */,
				2FFE920F2811C6C800CB5E5B /* Model */,
				2F5D1215281170D100DABA7B /* Scene */,
				2F5D121B2811732100DABA7B /* Utils */,
			);
			path = Source;
			sourceTree = "<group>";
		};
		2F5D12192811710400DABA7B /* Resouce */ = {
			isa = PBXGroup;
			children = (
				2F5D120A28115A3700DABA7B /* LaunchScreen.storyboard */,
				2F5D120828115A3700DABA7B /* Assets.xcassets */,
			);
			path = Resouce;
			sourceTree = "<group>";
		};
		2F5D121A2811713D00DABA7B /* Support */ = {
			isa = PBXGroup;
			children = (
				2F5D120D28115A3700DABA7B /* Info.plist */,
			);
			path = Support;
			sourceTree = "<group>";
		};
		2F5D121B2811732100DABA7B /* Utils */ = {
			isa = PBXGroup;
			children = (
				2FFE9216281540DB00CB5E5B /* Rx */,
				2FFE92102811CDF000CB5E5B /* Primitive */,
				2F5D121C2811732B00DABA7B /* UI */,
			);
			path = Utils;
			sourceTree = "<group>";
		};
		2F5D121C2811732B00DABA7B /* UI */ = {
			isa = PBXGroup;
			children = (
				2FFE921328153BA600CB5E5B /* UIKit+Extension.swift */,
				2F5D121D2811733700DABA7B /* UIView+Extension.swift */,
			);
			path = UI;
			sourceTree = "<group>";
		};
		2FFE920F2811C6C800CB5E5B /* Model */ = {
			isa = PBXGroup;
			children = (
				2FFE920D2811C2AB00CB5E5B /* Repository.swift */,
			);
			path = Model;
			sourceTree = "<group>";
		};
		2FFE92102811CDF000CB5E5B /* Primitive */ = {
			isa = PBXGroup;
			children = (
				2FFE92112811CE0200CB5E5B /* Bool+Extension.swift */,
			);
			path = Primitive;
			sourceTree = "<group>";
		};
		2FFE9216281540DB00CB5E5B /* Rx */ = {
			isa = PBXGroup;
			children = (
				2FFE92172815411A00CB5E5B /* RxOperators.swift */,
			);
			path = Rx;
			sourceTree = "<group>";
		};
		7B9DD2226F5878B9BF061D1E /* Frameworks */ = {
			isa = PBXGroup;
			children = (
				12F5554EC129AF4D0A6C7502 /* Pods_GithubSearch.framework */,
			);
			name = Frameworks;
			sourceTree = "<group>";
		};
		FD7DDE57985575D73A8F8705 /* Pods */ = {
			isa = PBXGroup;
			children = (
				B913F93F94D1AC5125CE1756 /* Pods-GithubSearch.debug.xcconfig */,
				C5AD6C22810916ACAA65521F /* Pods-GithubSearch.release.xcconfig */,
			);
			path = Pods;
			sourceTree = "<group>";
		};
/* End PBXGroup section */

/* Begin PBXNativeTarget section */
		2F5D11FB28115A3600DABA7B /* GithubSearch */ = {
			isa = PBXNativeTarget;
			buildConfigurationList = 2F5D121028115A3700DABA7B /* Build configuration list for PBXNativeTarget "GithubSearch" */;
			buildPhases = (
				B16C9DD142376C0BB187A183 /* [CP] Check Pods Manifest.lock */,
				2F5D11F828115A3600DABA7B /* Sources */,
				2F5D11F928115A3600DABA7B /* Frameworks */,
				2F5D11FA28115A3600DABA7B /* Resources */,
				780BA0BEFAC122E83C0E364D /* [CP] Embed Pods Frameworks */,
			);
			buildRules = (
			);
			dependencies = (
			);
			name = GithubSearch;
			productName = GithubSearch;
			productReference = 2F5D11FC28115A3600DABA7B /* GithubSearch.app */;
			productType = "com.apple.product-type.application";
		};
/* End PBXNativeTarget section */

/* Begin PBXProject section */
		2F5D11F428115A3600DABA7B /* Project object */ = {
			isa = PBXProject;
			attributes = {
				BuildIndependentTargetsInParallel = 1;
				LastSwiftUpdateCheck = 1330;
				LastUpgradeCheck = 1330;
				TargetAttributes = {
					2F5D11FB28115A3600DABA7B = {
						CreatedOnToolsVersion = 13.3.1;
					};
				};
			};
			buildConfigurationList = 2F5D11F728115A3600DABA7B /* Build configuration list for PBXProject "GithubSearch" */;
			compatibilityVersion = "Xcode 13.0";
			developmentRegion = en;
			hasScannedForEncodings = 0;
			knownRegions = (
				en,
				Base,
			);
			mainGroup = 2F5D11F328115A3600DABA7B;
			productRefGroup = 2F5D11FD28115A3600DABA7B /* Products */;
			projectDirPath = "";
			projectRoot = "";
			targets = (
				2F5D11FB28115A3600DABA7B /* GithubSearch */,
			);
		};
/* End PBXProject section */

/* Begin PBXResourcesBuildPhase section */
		2F5D11FA28115A3600DABA7B /* Resources */ = {
			isa = PBXResourcesBuildPhase;
			buildActionMask = 2147483647;
			files = (
				2F5D120C28115A3700DABA7B /* LaunchScreen.storyboard in Resources */,
				2F5D120928115A3700DABA7B /* Assets.xcassets in Resources */,
			);
			runOnlyForDeploymentPostprocessing = 0;
		};
/* End PBXResourcesBuildPhase section */

/* Begin PBXShellScriptBuildPhase section */
		780BA0BEFAC122E83C0E364D /* [CP] Embed Pods Frameworks */ = {
			isa = PBXShellScriptBuildPhase;
			buildActionMask = 2147483647;
			files = (
			);
			inputFileListPaths = (
				"${PODS_ROOT}/Target Support Files/Pods-GithubSearch/Pods-GithubSearch-frameworks-${CONFIGURATION}-input-files.xcfilelist",
			);
			name = "[CP] Embed Pods Frameworks";
			outputFileListPaths = (
				"${PODS_ROOT}/Target Support Files/Pods-GithubSearch/Pods-GithubSearch-frameworks-${CONFIGURATION}-output-files.xcfilelist",
			);
			runOnlyForDeploymentPostprocessing = 0;
			shellPath = /bin/sh;
			shellScript = "\"${PODS_ROOT}/Target Support Files/Pods-GithubSearch/Pods-GithubSearch-frameworks.sh\"\n";
			showEnvVarsInLog = 0;
		};
		B16C9DD142376C0BB187A183 /* [CP] Check Pods Manifest.lock */ = {
			isa = PBXShellScriptBuildPhase;
			buildActionMask = 2147483647;
			files = (
			);
			inputFileListPaths = (
			);
			inputPaths = (
				"${PODS_PODFILE_DIR_PATH}/Podfile.lock",
				"${PODS_ROOT}/Manifest.lock",
			);
			name = "[CP] Check Pods Manifest.lock";
			outputFileListPaths = (
			);
			outputPaths = (
				"$(DERIVED_FILE_DIR)/Pods-GithubSearch-checkManifestLockResult.txt",
			);
			runOnlyForDeploymentPostprocessing = 0;
			shellPath = /bin/sh;
			shellScript = "diff \"${PODS_PODFILE_DIR_PATH}/Podfile.lock\" \"${PODS_ROOT}/Manifest.lock\" > /dev/null\nif [ $? != 0 ] ; then\n    # print error to STDERR\n    echo \"error: The sandbox is not in sync with the Podfile.lock. Run 'pod install' or update your CocoaPods installation.\" >&2\n    exit 1\nfi\n# This output is used by Xcode 'outputs' to avoid re-running this script phase.\necho \"SUCCESS\" > \"${SCRIPT_OUTPUT_FILE_0}\"\n";
			showEnvVarsInLog = 0;
		};
/* End PBXShellScriptBuildPhase section */

/* Begin PBXSourcesBuildPhase section */
		2F5D11F828115A3600DABA7B /* Sources */ = {
			isa = PBXSourcesBuildPhase;
			buildActionMask = 2147483647;
			files = (
				2FFE920A2811C21F00CB5E5B /* RepositoryCell.swift in Sources */,
				2F5D120428115A3600DABA7B /* RepositoryViewController.swift in Sources */,
				2F5D120028115A3600DABA7B /* AppDelegate.swift in Sources */,
				2FFE92122811CE0200CB5E5B /* Bool+Extension.swift in Sources */,
				2FFE920C2811C23E00CB5E5B /* RepositoryViewReactor.swift in Sources */,
				2F5D121E2811733700DABA7B /* UIView+Extension.swift in Sources */,
				2FFE920E2811C2AB00CB5E5B /* Repository.swift in Sources */,
				2FFE921428153BA600CB5E5B /* UIKit+Extension.swift in Sources */,
				2F5D12142811702000DABA7B /* BaseViewController.swift in Sources */,
				2FFE92182815411A00CB5E5B /* RxOperators.swift in Sources */,
			);
			runOnlyForDeploymentPostprocessing = 0;
		};
/* End PBXSourcesBuildPhase section */

/* Begin PBXVariantGroup section */
		2F5D120A28115A3700DABA7B /* LaunchScreen.storyboard */ = {
			isa = PBXVariantGroup;
			children = (
				2F5D120B28115A3700DABA7B /* Base */,
			);
			name = LaunchScreen.storyboard;
			sourceTree = "<group>";
		};
/* End PBXVariantGroup section */

/* Begin XCBuildConfiguration section */
		2F5D120E28115A3700DABA7B /* Debug */ = {
			isa = XCBuildConfiguration;
			buildSettings = {
				ALWAYS_SEARCH_USER_PATHS = NO;
				CLANG_ANALYZER_NONNULL = YES;
				CLANG_ANALYZER_NUMBER_OBJECT_CONVERSION = YES_AGGRESSIVE;
				CLANG_CXX_LANGUAGE_STANDARD = "gnu++17";
				CLANG_ENABLE_MODULES = YES;
				CLANG_ENABLE_OBJC_ARC = YES;
				CLANG_ENABLE_OBJC_WEAK = YES;
				CLANG_WARN_BLOCK_CAPTURE_AUTORELEASING = YES;
				CLANG_WARN_BOOL_CONVERSION = YES;
				CLANG_WARN_COMMA = YES;
				CLANG_WARN_CONSTANT_CONVERSION = YES;
				CLANG_WARN_DEPRECATED_OBJC_IMPLEMENTATIONS = YES;
				CLANG_WARN_DIRECT_OBJC_ISA_USAGE = YES_ERROR;
				CLANG_WARN_DOCUMENTATION_COMMENTS = YES;
				CLANG_WARN_EMPTY_BODY = YES;
				CLANG_WARN_ENUM_CONVERSION = YES;
				CLANG_WARN_INFINITE_RECURSION = YES;
				CLANG_WARN_INT_CONVERSION = YES;
				CLANG_WARN_NON_LITERAL_NULL_CONVERSION = YES;
				CLANG_WARN_OBJC_IMPLICIT_RETAIN_SELF = YES;
				CLANG_WARN_OBJC_LITERAL_CONVERSION = YES;
				CLANG_WARN_OBJC_ROOT_CLASS = YES_ERROR;
				CLANG_WARN_QUOTED_INCLUDE_IN_FRAMEWORK_HEADER = YES;
				CLANG_WARN_RANGE_LOOP_ANALYSIS = YES;
				CLANG_WARN_STRICT_PROTOTYPES = YES;
				CLANG_WARN_SUSPICIOUS_MOVE = YES;
				CLANG_WARN_UNGUARDED_AVAILABILITY = YES_AGGRESSIVE;
				CLANG_WARN_UNREACHABLE_CODE = YES;
				CLANG_WARN__DUPLICATE_METHOD_MATCH = YES;
				COPY_PHASE_STRIP = NO;
				DEBUG_INFORMATION_FORMAT = dwarf;
				ENABLE_STRICT_OBJC_MSGSEND = YES;
				ENABLE_TESTABILITY = YES;
				GCC_C_LANGUAGE_STANDARD = gnu11;
				GCC_DYNAMIC_NO_PIC = NO;
				GCC_NO_COMMON_BLOCKS = YES;
				GCC_OPTIMIZATION_LEVEL = 0;
				GCC_PREPROCESSOR_DEFINITIONS = (
					"DEBUG=1",
					"$(inherited)",
				);
				GCC_WARN_64_TO_32_BIT_CONVERSION = YES;
				GCC_WARN_ABOUT_RETURN_TYPE = YES_ERROR;
				GCC_WARN_UNDECLARED_SELECTOR = YES;
				GCC_WARN_UNINITIALIZED_AUTOS = YES_AGGRESSIVE;
				GCC_WARN_UNUSED_FUNCTION = YES;
				GCC_WARN_UNUSED_VARIABLE = YES;
				IPHONEOS_DEPLOYMENT_TARGET = 15.4;
				MTL_ENABLE_DEBUG_INFO = INCLUDE_SOURCE;
				MTL_FAST_MATH = YES;
				ONLY_ACTIVE_ARCH = YES;
				SDKROOT = iphoneos;
				SWIFT_ACTIVE_COMPILATION_CONDITIONS = DEBUG;
				SWIFT_OPTIMIZATION_LEVEL = "-Onone";
			};
			name = Debug;
		};
		2F5D120F28115A3700DABA7B /* Release */ = {
			isa = XCBuildConfiguration;
			buildSettings = {
				ALWAYS_SEARCH_USER_PATHS = NO;
				CLANG_ANALYZER_NONNULL = YES;
				CLANG_ANALYZER_NUMBER_OBJECT_CONVERSION = YES_AGGRESSIVE;
				CLANG_CXX_LANGUAGE_STANDARD = "gnu++17";
				CLANG_ENABLE_MODULES = YES;
				CLANG_ENABLE_OBJC_ARC = YES;
				CLANG_ENABLE_OBJC_WEAK = YES;
				CLANG_WARN_BLOCK_CAPTURE_AUTORELEASING = YES;
				CLANG_WARN_BOOL_CONVERSION = YES;
				CLANG_WARN_COMMA = YES;
				CLANG_WARN_CONSTANT_CONVERSION = YES;
				CLANG_WARN_DEPRECATED_OBJC_IMPLEMENTATIONS = YES;
				CLANG_WARN_DIRECT_OBJC_ISA_USAGE = YES_ERROR;
				CLANG_WARN_DOCUMENTATION_COMMENTS = YES;
				CLANG_WARN_EMPTY_BODY = YES;
				CLANG_WARN_ENUM_CONVERSION = YES;
				CLANG_WARN_INFINITE_RECURSION = YES;
				CLANG_WARN_INT_CONVERSION = YES;
				CLANG_WARN_NON_LITERAL_NULL_CONVERSION = YES;
				CLANG_WARN_OBJC_IMPLICIT_RETAIN_SELF = YES;
				CLANG_WARN_OBJC_LITERAL_CONVERSION = YES;
				CLANG_WARN_OBJC_ROOT_CLASS = YES_ERROR;
				CLANG_WARN_QUOTED_INCLUDE_IN_FRAMEWORK_HEADER = YES;
				CLANG_WARN_RANGE_LOOP_ANALYSIS = YES;
				CLANG_WARN_STRICT_PROTOTYPES = YES;
				CLANG_WARN_SUSPICIOUS_MOVE = YES;
				CLANG_WARN_UNGUARDED_AVAILABILITY = YES_AGGRESSIVE;
				CLANG_WARN_UNREACHABLE_CODE = YES;
				CLANG_WARN__DUPLICATE_METHOD_MATCH = YES;
				COPY_PHASE_STRIP = NO;
				DEBUG_INFORMATION_FORMAT = "dwarf-with-dsym";
				ENABLE_NS_ASSERTIONS = NO;
				ENABLE_STRICT_OBJC_MSGSEND = YES;
				GCC_C_LANGUAGE_STANDARD = gnu11;
				GCC_NO_COMMON_BLOCKS = YES;
				GCC_WARN_64_TO_32_BIT_CONVERSION = YES;
				GCC_WARN_ABOUT_RETURN_TYPE = YES_ERROR;
				GCC_WARN_UNDECLARED_SELECTOR = YES;
				GCC_WARN_UNINITIALIZED_AUTOS = YES_AGGRESSIVE;
				GCC_WARN_UNUSED_FUNCTION = YES;
				GCC_WARN_UNUSED_VARIABLE = YES;
				IPHONEOS_DEPLOYMENT_TARGET = 15.4;
				MTL_ENABLE_DEBUG_INFO = NO;
				MTL_FAST_MATH = YES;
				SDKROOT = iphoneos;
				SWIFT_COMPILATION_MODE = wholemodule;
				SWIFT_OPTIMIZATION_LEVEL = "-O";
				VALIDATE_PRODUCT = YES;
			};
			name = Release;
		};
		2F5D121128115A3700DABA7B /* Debug */ = {
			isa = XCBuildConfiguration;
			baseConfigurationReference = B913F93F94D1AC5125CE1756 /* Pods-GithubSearch.debug.xcconfig */;
			buildSettings = {
				ASSETCATALOG_COMPILER_APPICON_NAME = AppIcon;
				ASSETCATALOG_COMPILER_GLOBAL_ACCENT_COLOR_NAME = AccentColor;
				COCOAPODS_PARALLEL_CODE_SIGN = true;
				CODE_SIGN_STYLE = Automatic;
				CURRENT_PROJECT_VERSION = 1;
				GENERATE_INFOPLIST_FILE = YES;
				INFOPLIST_FILE = GithubSearch/Support/Info.plist;
				INFOPLIST_KEY_UIApplicationSupportsIndirectInputEvents = YES;
				INFOPLIST_KEY_UILaunchStoryboardName = LaunchScreen;
				INFOPLIST_KEY_UISupportedInterfaceOrientations_iPad = "UIInterfaceOrientationPortrait UIInterfaceOrientationPortraitUpsideDown UIInterfaceOrientationLandscapeLeft UIInterfaceOrientationLandscapeRight";
				INFOPLIST_KEY_UISupportedInterfaceOrientations_iPhone = "UIInterfaceOrientationPortrait UIInterfaceOrientationLandscapeLeft UIInterfaceOrientationLandscapeRight";
				LD_RUNPATH_SEARCH_PATHS = (
					"$(inherited)",
					"@executable_path/Frameworks",
				);
				MARKETING_VERSION = 1.0;
				PRODUCT_BUNDLE_IDENTIFIER = com.wotjd.GithubSearch;
				PRODUCT_NAME = "$(TARGET_NAME)";
				SWIFT_EMIT_LOC_STRINGS = YES;
				SWIFT_VERSION = 5.0;
				TARGETED_DEVICE_FAMILY = "1,2";
			};
			name = Debug;
		};
		2F5D121228115A3700DABA7B /* Release */ = {
			isa = XCBuildConfiguration;
			baseConfigurationReference = C5AD6C22810916ACAA65521F /* Pods-GithubSearch.release.xcconfig */;
			buildSettings = {
				ASSETCATALOG_COMPILER_APPICON_NAME = AppIcon;
				ASSETCATALOG_COMPILER_GLOBAL_ACCENT_COLOR_NAME = AccentColor;
				COCOAPODS_PARALLEL_CODE_SIGN = true;
				CODE_SIGN_STYLE = Automatic;
				CURRENT_PROJECT_VERSION = 1;
				GENERATE_INFOPLIST_FILE = YES;
				INFOPLIST_FILE = GithubSearch/Support/Info.plist;
				INFOPLIST_KEY_UIApplicationSupportsIndirectInputEvents = YES;
				INFOPLIST_KEY_UILaunchStoryboardName = LaunchScreen;
				INFOPLIST_KEY_UISupportedInterfaceOrientations_iPad = "UIInterfaceOrientationPortrait UIInterfaceOrientationPortraitUpsideDown UIInterfaceOrientationLandscapeLeft UIInterfaceOrientationLandscapeRight";
				INFOPLIST_KEY_UISupportedInterfaceOrientations_iPhone = "UIInterfaceOrientationPortrait UIInterfaceOrientationLandscapeLeft UIInterfaceOrientationLandscapeRight";
				LD_RUNPATH_SEARCH_PATHS = (
					"$(inherited)",
					"@executable_path/Frameworks",
				);
				MARKETING_VERSION = 1.0;
				PRODUCT_BUNDLE_IDENTIFIER = com.wotjd.GithubSearch;
				PRODUCT_NAME = "$(TARGET_NAME)";
				SWIFT_EMIT_LOC_STRINGS = YES;
				SWIFT_VERSION = 5.0;
				TARGETED_DEVICE_FAMILY = "1,2";
			};
			name = Release;
		};
/* End XCBuildConfiguration section */

/* Begin XCConfigurationList section */
		2F5D11F728115A3600DABA7B /* Build configuration list for PBXProject "GithubSearch" */ = {
			isa = XCConfigurationList;
			buildConfigurations = (
				2F5D120E28115A3700DABA7B /* Debug */,
				2F5D120F28115A3700DABA7B /* Release */,
			);
			defaultConfigurationIsVisible = 0;
			defaultConfigurationName = Release;
		};
		2F5D121028115A3700DABA7B /* Build configuration list for PBXNativeTarget "GithubSearch" */ = {
			isa = XCConfigurationList;
			buildConfigurations = (
				2F5D121128115A3700DABA7B /* Debug */,
				2F5D121228115A3700DABA7B /* Release */,
			);
			defaultConfigurationIsVisible = 0;
			defaultConfigurationName = Release;
		};
/* End XCConfigurationList section */
	};
	rootObject = 2F5D11F428115A3600DABA7B /* Project object */;
}
